
Microsoft Visual Studio Solution File, Format Version 12.00
# Visual Studio Version 16
VisualStudioVersion = 16.0.31729.503
MinimumVisualStudioVersion = 10.0.40219.1
Project("{FAE04EC0-301F-11D3-BF4B-00C04F79EFBC}") = "EnglishWordHelperApi", "EnglishWordHelperApi\EnglishWordHelperApi.csproj", "{12D828FE-C97A-4978-8228-5B7425B36C28}"
EndProject
Global
	GlobalSection(SolutionConfigurationPlatforms) = preSolution
		Debug|Any CPU = Debug|Any CPU
		Release|Any CPU = Release|Any CPU
	EndGlobalSection
	GlobalSection(ProjectConfigurationPlatforms) = postSolution
		{12D828FE-C97A-4978-8228-5B7425B36C28}.Debug|Any CPU.ActiveCfg = Debug|Any CPU
		{12D828FE-C97A-4978-8228-5B7425B36C28}.Debug|Any CPU.Build.0 = Debug|Any CPU
		{12D828FE-C97A-4978-8228-5B7425B36C28}.Release|Any CPU.ActiveCfg = Release|Any CPU
		{12D828FE-C97A-4978-8228-5B7425B36C28}.Release|Any CPU.Build.0 = Release|Any CPU
	EndGlobalSection
	GlobalSection(SolutionProperties) = preSolution
		HideSolutionNode = FALSE
	EndGlobalSection
	GlobalSection(ExtensibilityGlobals) = postSolution
		SolutionGuid = {47B16264-773B-4459-8016-26F5D5AC8548}
	EndGlobalSection
EndGlobal
