
Microsoft Visual Studio Solution File, Format Version 12.00
# Visual Studio Version 17
VisualStudioVersion = 17.0.32014.148
MinimumVisualStudioVersion = 10.0.40219.1
Project("{9A19103F-16F7-4668-BE54-9A1E7A4F7556}") = "EnglishWordHelperApi", "EnglishWordHelperApi\EnglishWordHelperApi.csproj", "{12D828FE-C97A-4978-8228-5B7425B36C28}"
EndProject
Project("{9A19103F-16F7-4668-BE54-9A1E7A4F7556}") = "Models", "Models\Models.csproj", "{F32D4141-7590-4AF6-B410-EBE38B63D01E}"
EndProject
Project("{9A19103F-16F7-4668-BE54-9A1E7A4F7556}") = "DAL", "DAL\DAL.csproj", "{EC8262ED-9223-4C53-869D-B94335A9FC95}"
EndProject
Project("{9A19103F-16F7-4668-BE54-9A1E7A4F7556}") = "BLL", "BLL\BLL.csproj", "{81AF2579-CBB2-4C94-A12D-8C9563C18FDA}"
EndProject
Project("{9A19103F-16F7-4668-BE54-9A1E7A4F7556}") = "BLL.Tests", "BLL.Tests\BLL.Tests.csproj", "{6B76477C-D54A-4BE5-B271-3730C54565F3}"
EndProject
Global
	GlobalSection(SolutionConfigurationPlatforms) = preSolution
		Debug|Any CPU = Debug|Any CPU
		Release|Any CPU = Release|Any CPU
	EndGlobalSection
	GlobalSection(ProjectConfigurationPlatforms) = postSolution
		{12D828FE-C97A-4978-8228-5B7425B36C28}.Debug|Any CPU.ActiveCfg = Debug|Any CPU
		{12D828FE-C97A-4978-8228-5B7425B36C28}.Debug|Any CPU.Build.0 = Debug|Any CPU
		{12D828FE-C97A-4978-8228-5B7425B36C28}.Release|Any CPU.ActiveCfg = Release|Any CPU
		{12D828FE-C97A-4978-8228-5B7425B36C28}.Release|Any CPU.Build.0 = Release|Any CPU
		{F32D4141-7590-4AF6-B410-EBE38B63D01E}.Debug|Any CPU.ActiveCfg = Debug|Any CPU
		{F32D4141-7590-4AF6-B410-EBE38B63D01E}.Debug|Any CPU.Build.0 = Debug|Any CPU
		{F32D4141-7590-4AF6-B410-EBE38B63D01E}.Release|Any CPU.ActiveCfg = Release|Any CPU
		{F32D4141-7590-4AF6-B410-EBE38B63D01E}.Release|Any CPU.Build.0 = Release|Any CPU
		{EC8262ED-9223-4C53-869D-B94335A9FC95}.Debug|Any CPU.ActiveCfg = Debug|Any CPU
		{EC8262ED-9223-4C53-869D-B94335A9FC95}.Debug|Any CPU.Build.0 = Debug|Any CPU
		{EC8262ED-9223-4C53-869D-B94335A9FC95}.Release|Any CPU.ActiveCfg = Release|Any CPU
		{EC8262ED-9223-4C53-869D-B94335A9FC95}.Release|Any CPU.Build.0 = Release|Any CPU
		{81AF2579-CBB2-4C94-A12D-8C9563C18FDA}.Debug|Any CPU.ActiveCfg = Debug|Any CPU
		{81AF2579-CBB2-4C94-A12D-8C9563C18FDA}.Debug|Any CPU.Build.0 = Debug|Any CPU
		{81AF2579-CBB2-4C94-A12D-8C9563C18FDA}.Release|Any CPU.ActiveCfg = Release|Any CPU
		{81AF2579-CBB2-4C94-A12D-8C9563C18FDA}.Release|Any CPU.Build.0 = Release|Any CPU
		{6B76477C-D54A-4BE5-B271-3730C54565F3}.Debug|Any CPU.ActiveCfg = Debug|Any CPU
		{6B76477C-D54A-4BE5-B271-3730C54565F3}.Debug|Any CPU.Build.0 = Debug|Any CPU
		{6B76477C-D54A-4BE5-B271-3730C54565F3}.Release|Any CPU.ActiveCfg = Release|Any CPU
		{6B76477C-D54A-4BE5-B271-3730C54565F3}.Release|Any CPU.Build.0 = Release|Any CPU
	EndGlobalSection
	GlobalSection(SolutionProperties) = preSolution
		HideSolutionNode = FALSE
	EndGlobalSection
	GlobalSection(ExtensibilityGlobals) = postSolution
		SolutionGuid = {47B16264-773B-4459-8016-26F5D5AC8548}
	EndGlobalSection
EndGlobal
